
Microsoft Visual Studio Solution File, Format Version 12.00
# Visual Studio 15
VisualStudioVersion = 15.0.27130.2003
MinimumVisualStudioVersion = 10.0.40219.1
Project("{2150E333-8FDC-42A3-9474-1A3956D46DE8}") = "Projects", "Projects", "{7F1D891C-7E7D-4941-AA86-D38242E391E9}"
EndProject
Project("{2150E333-8FDC-42A3-9474-1A3956D46DE8}") = "Tests", "Tests", "{D5A6C8FB-B3C6-4CFA-A568-CBD21643BC1E}"
EndProject
Project("{FAE04EC0-301F-11D3-BF4B-00C04F79EFBC}") = "TokenizeTest", "Tests\TokenizeTest\TokenizeTest.csproj", "{8B8A7132-620F-4954-8E55-0E3456BD2268}"
EndProject
Project("{FAE04EC0-301F-11D3-BF4B-00C04F79EFBC}") = "TemplateTest", "Tests\TemplateTest\TemplateTest.csproj", "{E4D44CDB-694C-4DA2-9090-03B8511E5B98}"
EndProject
Project("{9A19103F-16F7-4668-BE54-9A1E7A4F7556}") = "Event", "Projects\Event\Event.csproj", "{B4D4AAD6-A8A5-411F-850A-B89839CF8DF2}"
EndProject
Project("{9A19103F-16F7-4668-BE54-9A1E7A4F7556}") = "Tween", "Projects\Tween\Tween.csproj", "{9E48E851-3871-4A34-90FE-BBBA7257FB9C}"
EndProject
Project("{9A19103F-16F7-4668-BE54-9A1E7A4F7556}") = "Tokenize", "Projects\Tokenize\Tokenize.csproj", "{AFE4C785-97C2-47A3-BC59-D0D4BE302C28}"
EndProject
Project("{9A19103F-16F7-4668-BE54-9A1E7A4F7556}") = "Template", "Projects\Template\Template.csproj", "{F5064303-6512-44FA-AD31-EBF0F7953218}"
EndProject
Project("{9A19103F-16F7-4668-BE54-9A1E7A4F7556}") = "Buffer", "Projects\Buffer\Buffer.csproj", "{7AC8BC96-523D-4D74-BCA1-A967DF5D4674}"
EndProject
Project("{9A19103F-16F7-4668-BE54-9A1E7A4F7556}") = "SimpleID", "Projects\SimpleID\SimpleID.csproj", "{B330C146-8F40-4F02-8532-CAF7B4FEBFD0}"
EndProject
Global
	GlobalSection(SolutionConfigurationPlatforms) = preSolution
		Debug|Any CPU = Debug|Any CPU
		Prototype|Any CPU = Prototype|Any CPU
		Release|Any CPU = Release|Any CPU
	EndGlobalSection
	GlobalSection(ProjectConfigurationPlatforms) = postSolution
		{8B8A7132-620F-4954-8E55-0E3456BD2268}.Debug|Any CPU.ActiveCfg = Debug|Any CPU
		{8B8A7132-620F-4954-8E55-0E3456BD2268}.Debug|Any CPU.Build.0 = Debug|Any CPU
		{8B8A7132-620F-4954-8E55-0E3456BD2268}.Prototype|Any CPU.ActiveCfg = Release|Any CPU
		{8B8A7132-620F-4954-8E55-0E3456BD2268}.Prototype|Any CPU.Build.0 = Release|Any CPU
		{8B8A7132-620F-4954-8E55-0E3456BD2268}.Release|Any CPU.ActiveCfg = Release|Any CPU
		{8B8A7132-620F-4954-8E55-0E3456BD2268}.Release|Any CPU.Build.0 = Release|Any CPU
		{E4D44CDB-694C-4DA2-9090-03B8511E5B98}.Debug|Any CPU.ActiveCfg = Debug|Any CPU
		{E4D44CDB-694C-4DA2-9090-03B8511E5B98}.Debug|Any CPU.Build.0 = Debug|Any CPU
		{E4D44CDB-694C-4DA2-9090-03B8511E5B98}.Prototype|Any CPU.ActiveCfg = Release|Any CPU
		{E4D44CDB-694C-4DA2-9090-03B8511E5B98}.Prototype|Any CPU.Build.0 = Release|Any CPU
		{E4D44CDB-694C-4DA2-9090-03B8511E5B98}.Release|Any CPU.ActiveCfg = Release|Any CPU
		{E4D44CDB-694C-4DA2-9090-03B8511E5B98}.Release|Any CPU.Build.0 = Release|Any CPU
		{B4D4AAD6-A8A5-411F-850A-B89839CF8DF2}.Debug|Any CPU.ActiveCfg = Debug|Any CPU
		{B4D4AAD6-A8A5-411F-850A-B89839CF8DF2}.Debug|Any CPU.Build.0 = Debug|Any CPU
		{B4D4AAD6-A8A5-411F-850A-B89839CF8DF2}.Prototype|Any CPU.ActiveCfg = Debug|Any CPU
		{B4D4AAD6-A8A5-411F-850A-B89839CF8DF2}.Prototype|Any CPU.Build.0 = Debug|Any CPU
		{B4D4AAD6-A8A5-411F-850A-B89839CF8DF2}.Release|Any CPU.ActiveCfg = Release|Any CPU
		{B4D4AAD6-A8A5-411F-850A-B89839CF8DF2}.Release|Any CPU.Build.0 = Release|Any CPU
		{9E48E851-3871-4A34-90FE-BBBA7257FB9C}.Debug|Any CPU.ActiveCfg = Debug|Any CPU
		{9E48E851-3871-4A34-90FE-BBBA7257FB9C}.Debug|Any CPU.Build.0 = Debug|Any CPU
		{9E48E851-3871-4A34-90FE-BBBA7257FB9C}.Prototype|Any CPU.ActiveCfg = Debug|Any CPU
		{9E48E851-3871-4A34-90FE-BBBA7257FB9C}.Prototype|Any CPU.Build.0 = Debug|Any CPU
		{9E48E851-3871-4A34-90FE-BBBA7257FB9C}.Release|Any CPU.ActiveCfg = Release|Any CPU
		{9E48E851-3871-4A34-90FE-BBBA7257FB9C}.Release|Any CPU.Build.0 = Release|Any CPU
		{AFE4C785-97C2-47A3-BC59-D0D4BE302C28}.Debug|Any CPU.ActiveCfg = Debug|Any CPU
		{AFE4C785-97C2-47A3-BC59-D0D4BE302C28}.Debug|Any CPU.Build.0 = Debug|Any CPU
		{AFE4C785-97C2-47A3-BC59-D0D4BE302C28}.Prototype|Any CPU.ActiveCfg = Debug|Any CPU
		{AFE4C785-97C2-47A3-BC59-D0D4BE302C28}.Prototype|Any CPU.Build.0 = Debug|Any CPU
		{AFE4C785-97C2-47A3-BC59-D0D4BE302C28}.Release|Any CPU.ActiveCfg = Release|Any CPU
		{AFE4C785-97C2-47A3-BC59-D0D4BE302C28}.Release|Any CPU.Build.0 = Release|Any CPU
		{F5064303-6512-44FA-AD31-EBF0F7953218}.Debug|Any CPU.ActiveCfg = Debug|Any CPU
		{F5064303-6512-44FA-AD31-EBF0F7953218}.Debug|Any CPU.Build.0 = Debug|Any CPU
		{F5064303-6512-44FA-AD31-EBF0F7953218}.Prototype|Any CPU.ActiveCfg = Debug|Any CPU
		{F5064303-6512-44FA-AD31-EBF0F7953218}.Prototype|Any CPU.Build.0 = Debug|Any CPU
		{F5064303-6512-44FA-AD31-EBF0F7953218}.Release|Any CPU.ActiveCfg = Release|Any CPU
		{F5064303-6512-44FA-AD31-EBF0F7953218}.Release|Any CPU.Build.0 = Release|Any CPU
		{7AC8BC96-523D-4D74-BCA1-A967DF5D4674}.Debug|Any CPU.ActiveCfg = Debug|Any CPU
		{7AC8BC96-523D-4D74-BCA1-A967DF5D4674}.Debug|Any CPU.Build.0 = Debug|Any CPU
		{7AC8BC96-523D-4D74-BCA1-A967DF5D4674}.Prototype|Any CPU.ActiveCfg = Release|Any CPU
		{7AC8BC96-523D-4D74-BCA1-A967DF5D4674}.Prototype|Any CPU.Build.0 = Release|Any CPU
		{7AC8BC96-523D-4D74-BCA1-A967DF5D4674}.Release|Any CPU.ActiveCfg = Release|Any CPU
		{7AC8BC96-523D-4D74-BCA1-A967DF5D4674}.Release|Any CPU.Build.0 = Release|Any CPU
		{B330C146-8F40-4F02-8532-CAF7B4FEBFD0}.Debug|Any CPU.ActiveCfg = Debug|Any CPU
		{B330C146-8F40-4F02-8532-CAF7B4FEBFD0}.Debug|Any CPU.Build.0 = Debug|Any CPU
		{B330C146-8F40-4F02-8532-CAF7B4FEBFD0}.Prototype|Any CPU.ActiveCfg = Release|Any CPU
		{B330C146-8F40-4F02-8532-CAF7B4FEBFD0}.Prototype|Any CPU.Build.0 = Release|Any CPU
		{B330C146-8F40-4F02-8532-CAF7B4FEBFD0}.Release|Any CPU.ActiveCfg = Release|Any CPU
		{B330C146-8F40-4F02-8532-CAF7B4FEBFD0}.Release|Any CPU.Build.0 = Release|Any CPU
	EndGlobalSection
	GlobalSection(SolutionProperties) = preSolution
		HideSolutionNode = FALSE
	EndGlobalSection
	GlobalSection(NestedProjects) = preSolution
		{8B8A7132-620F-4954-8E55-0E3456BD2268} = {D5A6C8FB-B3C6-4CFA-A568-CBD21643BC1E}
		{E4D44CDB-694C-4DA2-9090-03B8511E5B98} = {D5A6C8FB-B3C6-4CFA-A568-CBD21643BC1E}
		{B4D4AAD6-A8A5-411F-850A-B89839CF8DF2} = {7F1D891C-7E7D-4941-AA86-D38242E391E9}
		{9E48E851-3871-4A34-90FE-BBBA7257FB9C} = {7F1D891C-7E7D-4941-AA86-D38242E391E9}
		{AFE4C785-97C2-47A3-BC59-D0D4BE302C28} = {7F1D891C-7E7D-4941-AA86-D38242E391E9}
		{F5064303-6512-44FA-AD31-EBF0F7953218} = {7F1D891C-7E7D-4941-AA86-D38242E391E9}
		{7AC8BC96-523D-4D74-BCA1-A967DF5D4674} = {7F1D891C-7E7D-4941-AA86-D38242E391E9}
		{B330C146-8F40-4F02-8532-CAF7B4FEBFD0} = {7F1D891C-7E7D-4941-AA86-D38242E391E9}
	EndGlobalSection
	GlobalSection(ExtensibilityGlobals) = postSolution
		SolutionGuid = {8F843F23-9889-4798-86A6-66212FFC1750}
	EndGlobalSection
EndGlobal
