
Microsoft Visual Studio Solution File, Format Version 12.00
# Visual Studio 15
VisualStudioVersion = 15.0.26430.12
MinimumVisualStudioVersion = 10.0.40219.1
Project("{FAE04EC0-301F-11D3-BF4B-00C04F79EFBC}") = "CommonUnitTest", "CommonUnitTest\CommonUnitTest.csproj", "{4E537D75-FDAB-4243-B17B-74BD2343967A}"
EndProject
Project("{FAE04EC0-301F-11D3-BF4B-00C04F79EFBC}") = "Common", "Projects\Common\Common.csproj", "{6077872A-59CD-44C5-8BA9-1A3BD8388C6A}"
EndProject
Project("{FAE04EC0-301F-11D3-BF4B-00C04F79EFBC}") = "Serialization", "Projects\Serialization\Serialization.csproj", "{969021E9-3082-4D72-B454-2C2BD65AEA5B}"
EndProject
Project("{FAE04EC0-301F-11D3-BF4B-00C04F79EFBC}") = "Game", "Projects\Game\Game.csproj", "{DD1382A7-B6E7-4D3C-B285-80F844063864}"
EndProject
Project("{2150E333-8FDC-42A3-9474-1A3956D46DE8}") = "Projects", "Projects", "{7F1D891C-7E7D-4941-AA86-D38242E391E9}"
EndProject
Project("{2150E333-8FDC-42A3-9474-1A3956D46DE8}") = "Tests", "Tests", "{D5A6C8FB-B3C6-4CFA-A568-CBD21643BC1E}"
EndProject
Project("{FAE04EC0-301F-11D3-BF4B-00C04F79EFBC}") = "Tokenize", "Projects\Tokenize\Tokenize.csproj", "{FB003E6C-3D58-41A9-8209-13B9944E5164}"
EndProject
Project("{FAE04EC0-301F-11D3-BF4B-00C04F79EFBC}") = "TokenizeTest", "Tests\TokenizeTest\TokenizeTest.csproj", "{8B8A7132-620F-4954-8E55-0E3456BD2268}"
EndProject
Project("{FAE04EC0-301F-11D3-BF4B-00C04F79EFBC}") = "SerializationTest", "Tests\SerializationTest\SerializationTest.csproj", "{8A1646B5-7F60-4BB8-ABAD-F152464E4E4B}"
EndProject
Global
	GlobalSection(SolutionConfigurationPlatforms) = preSolution
		Debug|Any CPU = Debug|Any CPU
		Prototype|Any CPU = Prototype|Any CPU
		Release|Any CPU = Release|Any CPU
	EndGlobalSection
	GlobalSection(ProjectConfigurationPlatforms) = postSolution
		{4E537D75-FDAB-4243-B17B-74BD2343967A}.Debug|Any CPU.ActiveCfg = Debug|Any CPU
		{4E537D75-FDAB-4243-B17B-74BD2343967A}.Debug|Any CPU.Build.0 = Debug|Any CPU
		{4E537D75-FDAB-4243-B17B-74BD2343967A}.Prototype|Any CPU.ActiveCfg = Prototype|Any CPU
		{4E537D75-FDAB-4243-B17B-74BD2343967A}.Prototype|Any CPU.Build.0 = Prototype|Any CPU
		{4E537D75-FDAB-4243-B17B-74BD2343967A}.Release|Any CPU.ActiveCfg = Release|Any CPU
		{4E537D75-FDAB-4243-B17B-74BD2343967A}.Release|Any CPU.Build.0 = Release|Any CPU
		{6077872A-59CD-44C5-8BA9-1A3BD8388C6A}.Debug|Any CPU.ActiveCfg = Debug|Any CPU
		{6077872A-59CD-44C5-8BA9-1A3BD8388C6A}.Debug|Any CPU.Build.0 = Debug|Any CPU
		{6077872A-59CD-44C5-8BA9-1A3BD8388C6A}.Prototype|Any CPU.ActiveCfg = Release|Any CPU
		{6077872A-59CD-44C5-8BA9-1A3BD8388C6A}.Prototype|Any CPU.Build.0 = Release|Any CPU
		{6077872A-59CD-44C5-8BA9-1A3BD8388C6A}.Release|Any CPU.ActiveCfg = Release|Any CPU
		{6077872A-59CD-44C5-8BA9-1A3BD8388C6A}.Release|Any CPU.Build.0 = Release|Any CPU
		{969021E9-3082-4D72-B454-2C2BD65AEA5B}.Debug|Any CPU.ActiveCfg = Debug|Any CPU
		{969021E9-3082-4D72-B454-2C2BD65AEA5B}.Debug|Any CPU.Build.0 = Debug|Any CPU
		{969021E9-3082-4D72-B454-2C2BD65AEA5B}.Prototype|Any CPU.ActiveCfg = Release|Any CPU
		{969021E9-3082-4D72-B454-2C2BD65AEA5B}.Prototype|Any CPU.Build.0 = Release|Any CPU
		{969021E9-3082-4D72-B454-2C2BD65AEA5B}.Release|Any CPU.ActiveCfg = Release|Any CPU
		{969021E9-3082-4D72-B454-2C2BD65AEA5B}.Release|Any CPU.Build.0 = Release|Any CPU
		{DD1382A7-B6E7-4D3C-B285-80F844063864}.Debug|Any CPU.ActiveCfg = Debug|Any CPU
		{DD1382A7-B6E7-4D3C-B285-80F844063864}.Debug|Any CPU.Build.0 = Debug|Any CPU
		{DD1382A7-B6E7-4D3C-B285-80F844063864}.Prototype|Any CPU.ActiveCfg = Release|Any CPU
		{DD1382A7-B6E7-4D3C-B285-80F844063864}.Prototype|Any CPU.Build.0 = Release|Any CPU
		{DD1382A7-B6E7-4D3C-B285-80F844063864}.Release|Any CPU.ActiveCfg = Release|Any CPU
		{DD1382A7-B6E7-4D3C-B285-80F844063864}.Release|Any CPU.Build.0 = Release|Any CPU
		{FB003E6C-3D58-41A9-8209-13B9944E5164}.Debug|Any CPU.ActiveCfg = Debug|Any CPU
		{FB003E6C-3D58-41A9-8209-13B9944E5164}.Debug|Any CPU.Build.0 = Debug|Any CPU
		{FB003E6C-3D58-41A9-8209-13B9944E5164}.Prototype|Any CPU.ActiveCfg = Release|Any CPU
		{FB003E6C-3D58-41A9-8209-13B9944E5164}.Prototype|Any CPU.Build.0 = Release|Any CPU
		{FB003E6C-3D58-41A9-8209-13B9944E5164}.Release|Any CPU.ActiveCfg = Release|Any CPU
		{FB003E6C-3D58-41A9-8209-13B9944E5164}.Release|Any CPU.Build.0 = Release|Any CPU
		{8B8A7132-620F-4954-8E55-0E3456BD2268}.Debug|Any CPU.ActiveCfg = Debug|Any CPU
		{8B8A7132-620F-4954-8E55-0E3456BD2268}.Debug|Any CPU.Build.0 = Debug|Any CPU
		{8B8A7132-620F-4954-8E55-0E3456BD2268}.Prototype|Any CPU.ActiveCfg = Release|Any CPU
		{8B8A7132-620F-4954-8E55-0E3456BD2268}.Prototype|Any CPU.Build.0 = Release|Any CPU
		{8B8A7132-620F-4954-8E55-0E3456BD2268}.Release|Any CPU.ActiveCfg = Release|Any CPU
		{8B8A7132-620F-4954-8E55-0E3456BD2268}.Release|Any CPU.Build.0 = Release|Any CPU
		{8A1646B5-7F60-4BB8-ABAD-F152464E4E4B}.Debug|Any CPU.ActiveCfg = Debug|Any CPU
		{8A1646B5-7F60-4BB8-ABAD-F152464E4E4B}.Debug|Any CPU.Build.0 = Debug|Any CPU
		{8A1646B5-7F60-4BB8-ABAD-F152464E4E4B}.Prototype|Any CPU.ActiveCfg = Release|Any CPU
		{8A1646B5-7F60-4BB8-ABAD-F152464E4E4B}.Prototype|Any CPU.Build.0 = Release|Any CPU
		{8A1646B5-7F60-4BB8-ABAD-F152464E4E4B}.Release|Any CPU.ActiveCfg = Release|Any CPU
		{8A1646B5-7F60-4BB8-ABAD-F152464E4E4B}.Release|Any CPU.Build.0 = Release|Any CPU
	EndGlobalSection
	GlobalSection(SolutionProperties) = preSolution
		HideSolutionNode = FALSE
	EndGlobalSection
	GlobalSection(NestedProjects) = preSolution
		{4E537D75-FDAB-4243-B17B-74BD2343967A} = {D5A6C8FB-B3C6-4CFA-A568-CBD21643BC1E}
		{6077872A-59CD-44C5-8BA9-1A3BD8388C6A} = {7F1D891C-7E7D-4941-AA86-D38242E391E9}
		{969021E9-3082-4D72-B454-2C2BD65AEA5B} = {7F1D891C-7E7D-4941-AA86-D38242E391E9}
		{DD1382A7-B6E7-4D3C-B285-80F844063864} = {7F1D891C-7E7D-4941-AA86-D38242E391E9}
		{FB003E6C-3D58-41A9-8209-13B9944E5164} = {7F1D891C-7E7D-4941-AA86-D38242E391E9}
		{8B8A7132-620F-4954-8E55-0E3456BD2268} = {D5A6C8FB-B3C6-4CFA-A568-CBD21643BC1E}
		{8A1646B5-7F60-4BB8-ABAD-F152464E4E4B} = {D5A6C8FB-B3C6-4CFA-A568-CBD21643BC1E}
	EndGlobalSection
EndGlobal
